// !$*UTF8*$!
{
	archiveVersion = 1;
	classes = {
	};
	objectVersion = 46;
	objects = {

/* Begin PBXBuildFile section */
		3601C33716015099001D51EC /* UIKit.framework in Frameworks */ = {isa = PBXBuildFile; fileRef = 3601C33616015099001D51EC /* UIKit.framework */; };
		3601C33916015099001D51EC /* Foundation.framework in Frameworks */ = {isa = PBXBuildFile; fileRef = 3601C33816015099001D51EC /* Foundation.framework */; };
		3601C33B16015099001D51EC /* CoreGraphics.framework in Frameworks */ = {isa = PBXBuildFile; fileRef = 3601C33A16015099001D51EC /* CoreGraphics.framework */; };
		3601C34116015099001D51EC /* InfoPlist.strings in Resources */ = {isa = PBXBuildFile; fileRef = 3601C33F16015099001D51EC /* InfoPlist.strings */; };
		3601C34316015099001D51EC /* main.m in Sources */ = {isa = PBXBuildFile; fileRef = 3601C34216015099001D51EC /* main.m */; };
		3601C34716015099001D51EC /* AppDelegate.m in Sources */ = {isa = PBXBuildFile; fileRef = 3601C34616015099001D51EC /* AppDelegate.m */; };
		3601C34A16015099001D51EC /* MainStoryboard_iPhone.storyboard in Resources */ = {isa = PBXBuildFile; fileRef = 3601C34816015099001D51EC /* MainStoryboard_iPhone.storyboard */; };
		3601C35016015099001D51EC /* ViewController.m in Sources */ = {isa = PBXBuildFile; fileRef = 3601C34F16015099001D51EC /* ViewController.m */; };
		3601C35816015099001D51EC /* SenTestingKit.framework in Frameworks */ = {isa = PBXBuildFile; fileRef = 3601C35716015099001D51EC /* SenTestingKit.framework */; };
		3601C35916015099001D51EC /* UIKit.framework in Frameworks */ = {isa = PBXBuildFile; fileRef = 3601C33616015099001D51EC /* UIKit.framework */; };
		3601C35A16015099001D51EC /* Foundation.framework in Frameworks */ = {isa = PBXBuildFile; fileRef = 3601C33816015099001D51EC /* Foundation.framework */; };
		3601C36216015099001D51EC /* InfoPlist.strings in Resources */ = {isa = PBXBuildFile; fileRef = 3601C36016015099001D51EC /* InfoPlist.strings */; };
		3601C36516015099001D51EC /* ClickReDrawTests.m in Sources */ = {isa = PBXBuildFile; fileRef = 3601C36416015099001D51EC /* ClickReDrawTests.m */; };
		3601C37016015144001D51EC /* MyView.m in Sources */ = {isa = PBXBuildFile; fileRef = 3601C36F16015144001D51EC /* MyView.m */; };
/* End PBXBuildFile section */

/* Begin PBXContainerItemProxy section */
		3601C35B16015099001D51EC /* PBXContainerItemProxy */ = {
			isa = PBXContainerItemProxy;
			containerPortal = 3601C32916015098001D51EC /* Project object */;
			proxyType = 1;
			remoteGlobalIDString = 3601C33116015098001D51EC;
			remoteInfo = ClickReDraw;
		};
/* End PBXContainerItemProxy section */

/* Begin PBXFileReference section */
		3601C33216015099001D51EC /* ClickReDraw.app */ = {isa = PBXFileReference; explicitFileType = wrapper.application; includeInIndex = 0; path = ClickReDraw.app; sourceTree = BUILT_PRODUCTS_DIR; };
		3601C33616015099001D51EC /* UIKit.framework */ = {isa = PBXFileReference; lastKnownFileType = wrapper.framework; name = UIKit.framework; path = System/Library/Frameworks/UIKit.framework; sourceTree = SDKROOT; };
		3601C33816015099001D51EC /* Foundation.framework */ = {isa = PBXFileReference; lastKnownFileType = wrapper.framework; name = Foundation.framework; path = System/Library/Frameworks/Foundation.framework; sourceTree = SDKROOT; };
		3601C33A16015099001D51EC /* CoreGraphics.framework */ = {isa = PBXFileReference; lastKnownFileType = wrapper.framework; name = CoreGraphics.framework; path = System/Library/Frameworks/CoreGraphics.framework; sourceTree = SDKROOT; };
		3601C33E16015099001D51EC /* ClickReDraw-Info.plist */ = {isa = PBXFileReference; lastKnownFileType = text.plist.xml; path = "ClickReDraw-Info.plist"; sourceTree = "<group>"; };
		3601C34016015099001D51EC /* en */ = {isa = PBXFileReference; lastKnownFileType = text.plist.strings; name = en; path = en.lproj/InfoPlist.strings; sourceTree = "<group>"; };
		3601C34216015099001D51EC /* main.m */ = {isa = PBXFileReference; lastKnownFileType = sourcecode.c.objc; path = main.m; sourceTree = "<group>"; };
		3601C34416015099001D51EC /* ClickReDraw-Prefix.pch */ = {isa = PBXFileReference; lastKnownFileType = sourcecode.c.h; path = "ClickReDraw-Prefix.pch"; sourceTree = "<group>"; };
		3601C34516015099001D51EC /* AppDelegate.h */ = {isa = PBXFileReference; lastKnownFileType = sourcecode.c.h; path = AppDelegate.h; sourceTree = "<group>"; };
		3601C34616015099001D51EC /* AppDelegate.m */ = {isa = PBXFileReference; lastKnownFileType = sourcecode.c.objc; path = AppDelegate.m; sourceTree = "<group>"; };
		3601C34916015099001D51EC /* en */ = {isa = PBXFileReference; lastKnownFileType = file.storyboard; name = en; path = en.lproj/MainStoryboard_iPhone.storyboard; sourceTree = "<group>"; };
		3601C34E16015099001D51EC /* ViewController.h */ = {isa = PBXFileReference; lastKnownFileType = sourcecode.c.h; path = ViewController.h; sourceTree = "<group>"; };
		3601C34F16015099001D51EC /* ViewController.m */ = {isa = PBXFileReference; lastKnownFileType = sourcecode.c.objc; path = ViewController.m; sourceTree = "<group>"; };
		3601C35616015099001D51EC /* ClickReDrawTests.octest */ = {isa = PBXFileReference; explicitFileType = wrapper.cfbundle; includeInIndex = 0; path = ClickReDrawTests.octest; sourceTree = BUILT_PRODUCTS_DIR; };
		3601C35716015099001D51EC /* SenTestingKit.framework */ = {isa = PBXFileReference; lastKnownFileType = wrapper.framework; name = SenTestingKit.framework; path = Library/Frameworks/SenTestingKit.framework; sourceTree = DEVELOPER_DIR; };
		3601C35F16015099001D51EC /* ClickReDrawTests-Info.plist */ = {isa = PBXFileReference; lastKnownFileType = text.plist.xml; path = "ClickReDrawTests-Info.plist"; sourceTree = "<group>"; };
		3601C36116015099001D51EC /* en */ = {isa = PBXFileReference; lastKnownFileType = text.plist.strings; name = en; path = en.lproj/InfoPlist.strings; sourceTree = "<group>"; };
		3601C36316015099001D51EC /* ClickReDrawTests.h */ = {isa = PBXFileReference; lastKnownFileType = sourcecode.c.h; path = ClickReDrawTests.h; sourceTree = "<group>"; };
		3601C36416015099001D51EC /* ClickReDrawTests.m */ = {isa = PBXFileReference; lastKnownFileType = sourcecode.c.objc; path = ClickReDrawTests.m; sourceTree = "<group>"; };
		3601C36E16015144001D51EC /* MyView.h */ = {isa = PBXFileReference; fileEncoding = 4; lastKnownFileType = sourcecode.c.h; path = MyView.h; sourceTree = "<group>"; };
		3601C36F16015144001D51EC /* MyView.m */ = {isa = PBXFileReference; fileEncoding = 4; lastKnownFileType = sourcecode.c.objc; path = MyView.m; sourceTree = "<group>"; };
/* End PBXFileReference section */

/* Begin PBXFrameworksBuildPhase section */
		3601C32F16015098001D51EC /* Frameworks */ = {
			isa = PBXFrameworksBuildPhase;
			buildActionMask = 2147483647;
			files = (
				3601C33716015099001D51EC /* UIKit.framework in Frameworks */,
				3601C33916015099001D51EC /* Foundation.framework in Frameworks */,
				3601C33B16015099001D51EC /* CoreGraphics.framework in Frameworks */,
			);
			runOnlyForDeploymentPostprocessing = 0;
		};
		3601C35216015099001D51EC /* Frameworks */ = {
			isa = PBXFrameworksBuildPhase;
			buildActionMask = 2147483647;
			files = (
				3601C35816015099001D51EC /* SenTestingKit.framework in Frameworks */,
				3601C35916015099001D51EC /* UIKit.framework in Frameworks */,
				3601C35A16015099001D51EC /* Foundation.framework in Frameworks */,
			);
			runOnlyForDeploymentPostprocessing = 0;
		};
/* End PBXFrameworksBuildPhase section */

/* Begin PBXGroup section */
		3601C32716015098001D51EC = {
			isa = PBXGroup;
			children = (
				3601C33C16015099001D51EC /* ClickReDraw */,
				3601C35D16015099001D51EC /* ClickReDrawTests */,
				3601C33516015099001D51EC /* Frameworks */,
				3601C33316015099001D51EC /* Products */,
			);
			sourceTree = "<group>";
		};
		3601C33316015099001D51EC /* Products */ = {
			isa = PBXGroup;
			children = (
				3601C33216015099001D51EC /* ClickReDraw.app */,
				3601C35616015099001D51EC /* ClickReDrawTests.octest */,
			);
			name = Products;
			sourceTree = "<group>";
		};
		3601C33516015099001D51EC /* Frameworks */ = {
			isa = PBXGroup;
			children = (
				3601C33616015099001D51EC /* UIKit.framework */,
				3601C33816015099001D51EC /* Foundation.framework */,
				3601C33A16015099001D51EC /* CoreGraphics.framework */,
				3601C35716015099001D51EC /* SenTestingKit.framework */,
			);
			name = Frameworks;
			sourceTree = "<group>";
		};
		3601C33C16015099001D51EC /* ClickReDraw */ = {
			isa = PBXGroup;
			children = (
				3601C34516015099001D51EC /* AppDelegate.h */,
				3601C34616015099001D51EC /* AppDelegate.m */,
				3601C34816015099001D51EC /* MainStoryboard_iPhone.storyboard */,
				3601C36E16015144001D51EC /* MyView.h */,
				3601C36F16015144001D51EC /* MyView.m */,
				3601C34E16015099001D51EC /* ViewController.h */,
				3601C34F16015099001D51EC /* ViewController.m */,
				3601C33D16015099001D51EC /* Supporting Files */,
			);
			path = ClickReDraw;
			sourceTree = "<group>";
		};
		3601C33D16015099001D51EC /* Supporting Files */ = {
			isa = PBXGroup;
			children = (
				3601C33E16015099001D51EC /* ClickReDraw-Info.plist */,
				3601C33F16015099001D51EC /* InfoPlist.strings */,
				3601C34216015099001D51EC /* main.m */,
				3601C34416015099001D51EC /* ClickReDraw-Prefix.pch */,
			);
			name = "Supporting Files";
			sourceTree = "<group>";
		};
		3601C35D16015099001D51EC /* ClickReDrawTests */ = {
			isa = PBXGroup;
			children = (
				3601C36316015099001D51EC /* ClickReDrawTests.h */,
				3601C36416015099001D51EC /* ClickReDrawTests.m */,
				3601C35E16015099001D51EC /* Supporting Files */,
			);
			path = ClickReDrawTests;
			sourceTree = "<group>";
		};
		3601C35E16015099001D51EC /* Supporting Files */ = {
			isa = PBXGroup;
			children = (
				3601C35F16015099001D51EC /* ClickReDrawTests-Info.plist */,
				3601C36016015099001D51EC /* InfoPlist.strings */,
			);
			name = "Supporting Files";
			sourceTree = "<group>";
		};
/* End PBXGroup section */

/* Begin PBXNativeTarget section */
		3601C33116015098001D51EC /* ClickReDraw */ = {
			isa = PBXNativeTarget;
			buildConfigurationList = 3601C36816015099001D51EC /* Build configuration list for PBXNativeTarget "ClickReDraw" */;
			buildPhases = (
				3601C32E16015098001D51EC /* Sources */,
				3601C32F16015098001D51EC /* Frameworks */,
				3601C33016015098001D51EC /* Resources */,
			);
			buildRules = (
			);
			dependencies = (
			);
			name = ClickReDraw;
			productName = ClickReDraw;
			productReference = 3601C33216015099001D51EC /* ClickReDraw.app */;
			productType = "com.apple.product-type.application";
		};
		3601C35516015099001D51EC /* ClickReDrawTests */ = {
			isa = PBXNativeTarget;
			buildConfigurationList = 3601C36B16015099001D51EC /* Build configuration list for PBXNativeTarget "ClickReDrawTests" */;
			buildPhases = (
				3601C35116015099001D51EC /* Sources */,
				3601C35216015099001D51EC /* Frameworks */,
				3601C35316015099001D51EC /* Resources */,
				3601C35416015099001D51EC /* ShellScript */,
			);
			buildRules = (
			);
			dependencies = (
				3601C35C16015099001D51EC /* PBXTargetDependency */,
			);
			name = ClickReDrawTests;
			productName = ClickReDrawTests;
			productReference = 3601C35616015099001D51EC /* ClickReDrawTests.octest */;
			productType = "com.apple.product-type.bundle";
		};
/* End PBXNativeTarget section */

/* Begin PBXProject section */
		3601C32916015098001D51EC /* Project object */ = {
			isa = PBXProject;
			attributes = {
				LastUpgradeCheck = 0430;
			};
			buildConfigurationList = 3601C32C16015098001D51EC /* Build configuration list for PBXProject "ClickReDraw" */;
			compatibilityVersion = "Xcode 3.2";
			developmentRegion = English;
			hasScannedForEncodings = 0;
			knownRegions = (
				en,
			);
			mainGroup = 3601C32716015098001D51EC;
			productRefGroup = 3601C33316015099001D51EC /* Products */;
			projectDirPath = "";
			projectRoot = "";
			targets = (
				3601C33116015098001D51EC /* ClickReDraw */,
				3601C35516015099001D51EC /* ClickReDrawTests */,
			);
		};
/* End PBXProject section */

/* Begin PBXResourcesBuildPhase section */
		3601C33016015098001D51EC /* Resources */ = {
			isa = PBXResourcesBuildPhase;
			buildActionMask = 2147483647;
			files = (
				3601C34116015099001D51EC /* InfoPlist.strings in Resources */,
				3601C34A16015099001D51EC /* MainStoryboard_iPhone.storyboard in Resources */,
			);
			runOnlyForDeploymentPostprocessing = 0;
		};
		3601C35316015099001D51EC /* Resources */ = {
			isa = PBXResourcesBuildPhase;
			buildActionMask = 2147483647;
			files = (
				3601C36216015099001D51EC /* InfoPlist.strings in Resources */,
			);
			runOnlyForDeploymentPostprocessing = 0;
		};
/* End PBXResourcesBuildPhase section */

/* Begin PBXShellScriptBuildPhase section */
		3601C35416015099001D51EC /* ShellScript */ = {
			isa = PBXShellScriptBuildPhase;
			buildActionMask = 2147483647;
			files = (
			);
			inputPaths = (
			);
			outputPaths = (
			);
			runOnlyForDeploymentPostprocessing = 0;
			shellPath = /bin/sh;
			shellScript = "# Run the unit tests in this test bundle.\n\"${SYSTEM_DEVELOPER_DIR}/Tools/RunUnitTests\"\n";
		};
/* End PBXShellScriptBuildPhase section */

/* Begin PBXSourcesBuildPhase section */
		3601C32E16015098001D51EC /* Sources */ = {
			isa = PBXSourcesBuildPhase;
			buildActionMask = 2147483647;
			files = (
				3601C34316015099001D51EC /* main.m in Sources */,
				3601C34716015099001D51EC /* AppDelegate.m in Sources */,
				3601C35016015099001D51EC /* ViewController.m in Sources */,
				3601C37016015144001D51EC /* MyView.m in Sources */,
			);
			runOnlyForDeploymentPostprocessing = 0;
		};
		3601C35116015099001D51EC /* Sources */ = {
			isa = PBXSourcesBuildPhase;
			buildActionMask = 2147483647;
			files = (
				3601C36516015099001D51EC /* ClickReDrawTests.m in Sources */,
			);
			runOnlyForDeploymentPostprocessing = 0;
		};
/* End PBXSourcesBuildPhase section */

/* Begin PBXTargetDependency section */
		3601C35C16015099001D51EC /* PBXTargetDependency */ = {
			isa = PBXTargetDependency;
			target = 3601C33116015098001D51EC /* ClickReDraw */;
			targetProxy = 3601C35B16015099001D51EC /* PBXContainerItemProxy */;
		};
/* End PBXTargetDependency section */

/* Begin PBXVariantGroup section */
		3601C33F16015099001D51EC /* InfoPlist.strings */ = {
			isa = PBXVariantGroup;
			children = (
				3601C34016015099001D51EC /* en */,
			);
			name = InfoPlist.strings;
			sourceTree = "<group>";
		};
		3601C34816015099001D51EC /* MainStoryboard_iPhone.storyboard */ = {
			isa = PBXVariantGroup;
			children = (
				3601C34916015099001D51EC /* en */,
			);
			name = MainStoryboard_iPhone.storyboard;
			sourceTree = "<group>";
		};
		3601C36016015099001D51EC /* InfoPlist.strings */ = {
			isa = PBXVariantGroup;
			children = (
				3601C36116015099001D51EC /* en */,
			);
			name = InfoPlist.strings;
			sourceTree = "<group>";
		};
/* End PBXVariantGroup section */

/* Begin XCBuildConfiguration section */
		3601C36616015099001D51EC /* Debug */ = {
			isa = XCBuildConfiguration;
			buildSettings = {
				ALWAYS_SEARCH_USER_PATHS = NO;
				ARCHS = "$(ARCHS_STANDARD_32_BIT)";
				CLANG_ENABLE_OBJC_ARC = YES;
				"CODE_SIGN_IDENTITY[sdk=iphoneos*]" = "iPhone Developer";
				COPY_PHASE_STRIP = NO;
				GCC_C_LANGUAGE_STANDARD = gnu99;
				GCC_DYNAMIC_NO_PIC = NO;
				GCC_OPTIMIZATION_LEVEL = 0;
				GCC_PREPROCESSOR_DEFINITIONS = (
					"DEBUG=1",
					"$(inherited)",
				);
				GCC_SYMBOLS_PRIVATE_EXTERN = NO;
				GCC_VERSION = com.apple.compilers.llvm.clang.1_0;
				GCC_WARN_ABOUT_RETURN_TYPE = YES;
				GCC_WARN_UNINITIALIZED_AUTOS = YES;
				GCC_WARN_UNUSED_VARIABLE = YES;
				IPHONEOS_DEPLOYMENT_TARGET = 5.1;
				SDKROOT = iphoneos;
				TARGETED_DEVICE_FAMILY = "1,2";
			};
			name = Debug;
		};
		3601C36716015099001D51EC /* Release */ = {
			isa = XCBuildConfiguration;
			buildSettings = {
				ALWAYS_SEARCH_USER_PATHS = NO;
				ARCHS = "$(ARCHS_STANDARD_32_BIT)";
				CLANG_ENABLE_OBJC_ARC = YES;
				"CODE_SIGN_IDENTITY[sdk=iphoneos*]" = "iPhone Developer";
				COPY_PHASE_STRIP = YES;
				GCC_C_LANGUAGE_STANDARD = gnu99;
				GCC_VERSION = com.apple.compilers.llvm.clang.1_0;
				GCC_WARN_ABOUT_RETURN_TYPE = YES;
				GCC_WARN_UNINITIALIZED_AUTOS = YES;
				GCC_WARN_UNUSED_VARIABLE = YES;
				IPHONEOS_DEPLOYMENT_TARGET = 5.1;
				OTHER_CFLAGS = "-DNS_BLOCK_ASSERTIONS=1";
				SDKROOT = iphoneos;
				TARGETED_DEVICE_FAMILY = "1,2";
				VALIDATE_PRODUCT = YES;
			};
			name = Release;
		};
		3601C36916015099001D51EC /* Debug */ = {
			isa = XCBuildConfiguration;
			buildSettings = {
				GCC_PRECOMPILE_PREFIX_HEADER = YES;
				GCC_PREFIX_HEADER = "ClickReDraw/ClickReDraw-Prefix.pch";
				INFOPLIST_FILE = "ClickReDraw/ClickReDraw-Info.plist";
				PRODUCT_NAME = "$(TARGET_NAME)";
				WRAPPER_EXTENSION = app;
			};
			name = Debug;
		};
		3601C36A16015099001D51EC /* Release */ = {
			isa = XCBuildConfiguration;
			buildSettings = {
				GCC_PRECOMPILE_PREFIX_HEADER = YES;
				GCC_PREFIX_HEADER = "ClickReDraw/ClickReDraw-Prefix.pch";
				INFOPLIST_FILE = "ClickReDraw/ClickReDraw-Info.plist";
				PRODUCT_NAME = "$(TARGET_NAME)";
				WRAPPER_EXTENSION = app;
			};
			name = Release;
		};
		3601C36C16015099001D51EC /* Debug */ = {
			isa = XCBuildConfiguration;
			buildSettings = {
				BUNDLE_LOADER = "$(BUILT_PRODUCTS_DIR)/ClickReDraw.app/ClickReDraw";
				FRAMEWORK_SEARCH_PATHS = (
					"$(SDKROOT)/Developer/Library/Frameworks",
					"$(DEVELOPER_LIBRARY_DIR)/Frameworks",
				);
				GCC_PRECOMPILE_PREFIX_HEADER = YES;
				GCC_PREFIX_HEADER = "ClickReDraw/ClickReDraw-Prefix.pch";
				INFOPLIST_FILE = "ClickReDrawTests/ClickReDrawTests-Info.plist";
				PRODUCT_NAME = "$(TARGET_NAME)";
				TEST_HOST = "$(BUNDLE_LOADER)";
				WRAPPER_EXTENSION = octest;
			};
			name = Debug;
		};
		3601C36D16015099001D51EC /* Release */ = {
			isa = XCBuildConfiguration;
			buildSettings = {
				BUNDLE_LOADER = "$(BUILT_PRODUCTS_DIR)/ClickReDraw.app/ClickReDraw";
				FRAMEWORK_SEARCH_PATHS = (
					"$(SDKROOT)/Developer/Library/Frameworks",
					"$(DEVELOPER_LIBRARY_DIR)/Frameworks",
				);
				GCC_PRECOMPILE_PREFIX_HEADER = YES;
				GCC_PREFIX_HEADER = "ClickReDraw/ClickReDraw-Prefix.pch";
				INFOPLIST_FILE = "ClickReDrawTests/ClickReDrawTests-Info.plist";
				PRODUCT_NAME = "$(TARGET_NAME)";
				TEST_HOST = "$(BUNDLE_LOADER)";
				WRAPPER_EXTENSION = octest;
			};
			name = Release;
		};
/* End XCBuildConfiguration section */

/* Begin XCConfigurationList section */
		3601C32C16015098001D51EC /* Build configuration list for PBXProject "ClickReDraw" */ = {
			isa = XCConfigurationList;
			buildConfigurations = (
				3601C36616015099001D51EC /* Debug */,
				3601C36716015099001D51EC /* Release */,
			);
			defaultConfigurationIsVisible = 0;
			defaultConfigurationName = Release;
		};
		3601C36816015099001D51EC /* Build configuration list for PBXNativeTarget "ClickReDraw" */ = {
			isa = XCConfigurationList;
			buildConfigurations = (
				3601C36916015099001D51EC /* Debug */,
				3601C36A16015099001D51EC /* Release */,
			);
			defaultConfigurationIsVisible = 0;
		};
		3601C36B16015099001D51EC /* Build configuration list for PBXNativeTarget "ClickReDrawTests" */ = {
			isa = XCConfigurationList;
			buildConfigurations = (
				3601C36C16015099001D51EC /* Debug */,
				3601C36D16015099001D51EC /* Release */,
			);
			defaultConfigurationIsVisible = 0;
		};
/* End XCConfigurationList section */
	};
	rootObject = 3601C32916015098001D51EC /* Project object */;
}
